
Microsoft Visual Studio Solution File, Format Version 10.00
# Visual Studio 2008
Project("{FAE04EC0-301F-11D3-BF4B-00C04F79EFBC}") = "Sonic", "Sonic\Sonic.csproj", "{0CC95FCE-2BE1-446C-81C6-729C95FAF3F9}"
EndProject
Global
	GlobalSection(SolutionConfigurationPlatforms) = preSolution
		Debug|Any CPU = Debug|Any CPU
		Release|Any CPU = Release|Any CPU
	EndGlobalSection
	GlobalSection(ProjectConfigurationPlatforms) = postSolution
		{0CC95FCE-2BE1-446C-81C6-729C95FAF3F9}.Debug|Any CPU.ActiveCfg = Debug|Any CPU
		{0CC95FCE-2BE1-446C-81C6-729C95FAF3F9}.Debug|Any CPU.Build.0 = Debug|Any CPU
		{0CC95FCE-2BE1-446C-81C6-729C95FAF3F9}.Release|Any CPU.ActiveCfg = Release|Any CPU
		{0CC95FCE-2BE1-446C-81C6-729C95FAF3F9}.Release|Any CPU.Build.0 = Release|Any CPU
	EndGlobalSection
	GlobalSection(SolutionProperties) = preSolution
		HideSolutionNode = FALSE
	EndGlobalSection
EndGlobal
